
Microsoft Visual Studio Solution File, Format Version 12.00
# Visual Studio Version 16
VisualStudioVersion = 16.0.30225.117
MinimumVisualStudioVersion = 10.0.40219.1
Project("{9092AA53-FB77-4645-B42D-1CCCA6BD08BD}") = "IPLogger", "IPLogger.njsproj", "{C0DB0295-37CE-482B-8F80-B1F2A75A1D52}"
EndProject
Global
	GlobalSection(SolutionConfigurationPlatforms) = preSolution
		Debug|Any CPU = Debug|Any CPU
		Release|Any CPU = Release|Any CPU
	EndGlobalSection
	GlobalSection(ProjectConfigurationPlatforms) = postSolution
		{C0DB0295-37CE-482B-8F80-B1F2A75A1D52}.Debug|Any CPU.ActiveCfg = Debug|Any CPU
		{C0DB0295-37CE-482B-8F80-B1F2A75A1D52}.Debug|Any CPU.Build.0 = Debug|Any CPU
		{C0DB0295-37CE-482B-8F80-B1F2A75A1D52}.Release|Any CPU.ActiveCfg = Release|Any CPU
		{C0DB0295-37CE-482B-8F80-B1F2A75A1D52}.Release|Any CPU.Build.0 = Release|Any CPU
	EndGlobalSection
	GlobalSection(SolutionProperties) = preSolution
		HideSolutionNode = FALSE
	EndGlobalSection
	GlobalSection(ExtensibilityGlobals) = postSolution
		SolutionGuid = {40735224-8287-4509-98E4-2CD4EC7C65EE}
	EndGlobalSection
EndGlobal
